
Microsoft Visual Studio Solution File, Format Version 10.00
# Visual Studio 2008
Project("{FAE04EC0-301F-11D3-BF4B-00C04F79EFBC}") = "LoadNORHSC", "LoadNorhsk\LoadNORHSC.csproj", "{08E739E4-03B4-480C-B83A-7AC054D2ADDC}"
EndProject
Global
	GlobalSection(SolutionConfigurationPlatforms) = preSolution
		Debug|Any CPU = Debug|Any CPU
		Release|Any CPU = Release|Any CPU
	EndGlobalSection
	GlobalSection(ProjectConfigurationPlatforms) = postSolution
		{08E739E4-03B4-480C-B83A-7AC054D2ADDC}.Debug|Any CPU.ActiveCfg = Debug|Any CPU
		{08E739E4-03B4-480C-B83A-7AC054D2ADDC}.Debug|Any CPU.Build.0 = Debug|Any CPU
		{08E739E4-03B4-480C-B83A-7AC054D2ADDC}.Release|Any CPU.ActiveCfg = Release|Any CPU
		{08E739E4-03B4-480C-B83A-7AC054D2ADDC}.Release|Any CPU.Build.0 = Release|Any CPU
	EndGlobalSection
	GlobalSection(SolutionProperties) = preSolution
		HideSolutionNode = FALSE
	EndGlobalSection
EndGlobal
